// !$*UTF8*$!
{
	archiveVersion = 1;
	classes = {
	};
	objectVersion = 48;
	objects = {

/* Begin PBXBuildFile section */
		43402F5B1EF1A9C6002BDB54 /* CollectionViewProvider.swift in Sources */ = {isa = PBXBuildFile; fileRef = 43402F5A1EF1A9C6002BDB54 /* CollectionViewProvider.swift */; };
		43402F5D1EF1AF0E002BDB54 /* Puzzle.swift in Sources */ = {isa = PBXBuildFile; fileRef = 43402F5C1EF1AF0E002BDB54 /* Puzzle.swift */; };
		437756CB1EE73BAC004F9423 /* PuzzleCollectionViewCell.swift in Sources */ = {isa = PBXBuildFile; fileRef = 437756CA1EE73BAC004F9423 /* PuzzleCollectionViewCell.swift */; };
		43E5647A1EE6F5AD00D176D5 /* AppDelegate.swift in Sources */ = {isa = PBXBuildFile; fileRef = 43E564791EE6F5AD00D176D5 /* AppDelegate.swift */; };
		43E5647C1EE6F5AD00D176D5 /* ViewController.swift in Sources */ = {isa = PBXBuildFile; fileRef = 43E5647B1EE6F5AD00D176D5 /* ViewController.swift */; };
		43E5647F1EE6F5AD00D176D5 /* Main.storyboard in Resources */ = {isa = PBXBuildFile; fileRef = 43E5647D1EE6F5AD00D176D5 /* Main.storyboard */; };
		43E564811EE6F5AD00D176D5 /* Assets.xcassets in Resources */ = {isa = PBXBuildFile; fileRef = 43E564801EE6F5AD00D176D5 /* Assets.xcassets */; };
		43E564841EE6F5AD00D176D5 /* LaunchScreen.storyboard in Resources */ = {isa = PBXBuildFile; fileRef = 43E564821EE6F5AD00D176D5 /* LaunchScreen.storyboard */; };
/* End PBXBuildFile section */

/* Begin PBXFileReference section */
		43402F5A1EF1A9C6002BDB54 /* CollectionViewProvider.swift */ = {isa = PBXFileReference; lastKnownFileType = sourcecode.swift; path = CollectionViewProvider.swift; sourceTree = "<group>"; };
		43402F5C1EF1AF0E002BDB54 /* Puzzle.swift */ = {isa = PBXFileReference; lastKnownFileType = sourcecode.swift; path = Puzzle.swift; sourceTree = "<group>"; };
		437756CA1EE73BAC004F9423 /* PuzzleCollectionViewCell.swift */ = {isa = PBXFileReference; lastKnownFileType = sourcecode.swift; path = PuzzleCollectionViewCell.swift; sourceTree = "<group>"; };
		43E564761EE6F5AD00D176D5 /* SwiftPuzzle.app */ = {isa = PBXFileReference; explicitFileType = wrapper.application; includeInIndex = 0; path = SwiftPuzzle.app; sourceTree = BUILT_PRODUCTS_DIR; };
		43E564791EE6F5AD00D176D5 /* AppDelegate.swift */ = {isa = PBXFileReference; lastKnownFileType = sourcecode.swift; path = AppDelegate.swift; sourceTree = "<group>"; };
		43E5647B1EE6F5AD00D176D5 /* ViewController.swift */ = {isa = PBXFileReference; lastKnownFileType = sourcecode.swift; path = ViewController.swift; sourceTree = "<group>"; };
		43E5647E1EE6F5AD00D176D5 /* Base */ = {isa = PBXFileReference; lastKnownFileType = file.storyboard; name = Base; path = Base.lproj/Main.storyboard; sourceTree = "<group>"; };
		43E564801EE6F5AD00D176D5 /* Assets.xcassets */ = {isa = PBXFileReference; lastKnownFileType = folder.assetcatalog; path = Assets.xcassets; sourceTree = "<group>"; };
		43E564831EE6F5AD00D176D5 /* Base */ = {isa = PBXFileReference; lastKnownFileType = file.storyboard; name = Base; path = Base.lproj/LaunchScreen.storyboard; sourceTree = "<group>"; };
		43E564851EE6F5AD00D176D5 /* Info.plist */ = {isa = PBXFileReference; lastKnownFileType = text.plist.xml; path = Info.plist; sourceTree = "<group>"; };
/* End PBXFileReference section */

/* Begin PBXFrameworksBuildPhase section */
		43E564731EE6F5AD00D176D5 /* Frameworks */ = {
			isa = PBXFrameworksBuildPhase;
			buildActionMask = 2147483647;
			files = (
			);
			runOnlyForDeploymentPostprocessing = 0;
		};
/* End PBXFrameworksBuildPhase section */

/* Begin PBXGroup section */
		43E5646D1EE6F5AD00D176D5 = {
			isa = PBXGroup;
			children = (
				43E564781EE6F5AD00D176D5 /* SwiftPuzzle */,
				43E564771EE6F5AD00D176D5 /* Products */,
			);
			sourceTree = "<group>";
		};
		43E564771EE6F5AD00D176D5 /* Products */ = {
			isa = PBXGroup;
			children = (
				43E564761EE6F5AD00D176D5 /* SwiftPuzzle.app */,
			);
			name = Products;
			sourceTree = "<group>";
		};
		43E564781EE6F5AD00D176D5 /* SwiftPuzzle */ = {
			isa = PBXGroup;
			children = (
				43E564791EE6F5AD00D176D5 /* AppDelegate.swift */,
				43E5647B1EE6F5AD00D176D5 /* ViewController.swift */,
				43E5647D1EE6F5AD00D176D5 /* Main.storyboard */,
				43E564801EE6F5AD00D176D5 /* Assets.xcassets */,
				43E564821EE6F5AD00D176D5 /* LaunchScreen.storyboard */,
				43E564851EE6F5AD00D176D5 /* Info.plist */,
				437756CA1EE73BAC004F9423 /* PuzzleCollectionViewCell.swift */,
				43402F5A1EF1A9C6002BDB54 /* CollectionViewProvider.swift */,
				43402F5C1EF1AF0E002BDB54 /* Puzzle.swift */,
			);
			path = SwiftPuzzle;
			sourceTree = "<group>";
		};
/* End PBXGroup section */

/* Begin PBXNativeTarget section */
		43E564751EE6F5AD00D176D5 /* SwiftPuzzle */ = {
			isa = PBXNativeTarget;
			buildConfigurationList = 43E564881EE6F5AD00D176D5 /* Build configuration list for PBXNativeTarget "SwiftPuzzle" */;
			buildPhases = (
				43E564721EE6F5AD00D176D5 /* Sources */,
				43E564731EE6F5AD00D176D5 /* Frameworks */,
				43E564741EE6F5AD00D176D5 /* Resources */,
			);
			buildRules = (
			);
			dependencies = (
			);
			name = SwiftPuzzle;
			productName = SwiftPuzzle;
			productReference = 43E564761EE6F5AD00D176D5 /* SwiftPuzzle.app */;
			productType = "com.apple.product-type.application";
		};
/* End PBXNativeTarget section */

/* Begin PBXProject section */
		43E5646E1EE6F5AD00D176D5 /* Project object */ = {
			isa = PBXProject;
			attributes = {
				LastSwiftUpdateCheck = 0900;
				LastUpgradeCheck = 0900;
				ORGANIZATIONNAME = Appsbyahrens;
				TargetAttributes = {
					43E564751EE6F5AD00D176D5 = {
						CreatedOnToolsVersion = 9.0;
					};
				};
			};
			buildConfigurationList = 43E564711EE6F5AD00D176D5 /* Build configuration list for PBXProject "SwiftPuzzle" */;
			compatibilityVersion = "Xcode 8.0";
			developmentRegion = en;
			hasScannedForEncodings = 0;
			knownRegions = (
				en,
				Base,
			);
			mainGroup = 43E5646D1EE6F5AD00D176D5;
			productRefGroup = 43E564771EE6F5AD00D176D5 /* Products */;
			projectDirPath = "";
			projectRoot = "";
			targets = (
				43E564751EE6F5AD00D176D5 /* SwiftPuzzle */,
			);
		};
/* End PBXProject section */

/* Begin PBXResourcesBuildPhase section */
		43E564741EE6F5AD00D176D5 /* Resources */ = {
			isa = PBXResourcesBuildPhase;
			buildActionMask = 2147483647;
			files = (
				43E564841EE6F5AD00D176D5 /* LaunchScreen.storyboard in Resources */,
				43E564811EE6F5AD00D176D5 /* Assets.xcassets in Resources */,
				43E5647F1EE6F5AD00D176D5 /* Main.storyboard in Resources */,
			);
			runOnlyForDeploymentPostprocessing = 0;
		};
/* End PBXResourcesBuildPhase section */

/* Begin PBXSourcesBuildPhase section */
		43E564721EE6F5AD00D176D5 /* Sources */ = {
			isa = PBXSourcesBuildPhase;
			buildActionMask = 2147483647;
			files = (
				43402F5D1EF1AF0E002BDB54 /* Puzzle.swift in Sources */,
				43E5647C1EE6F5AD00D176D5 /* ViewController.swift in Sources */,
				43402F5B1EF1A9C6002BDB54 /* CollectionViewProvider.swift in Sources */,
				437756CB1EE73BAC004F9423 /* PuzzleCollectionViewCell.swift in Sources */,
				43E5647A1EE6F5AD00D176D5 /* AppDelegate.swift in Sources */,
			);
			runOnlyForDeploymentPostprocessing = 0;
		};
/* End PBXSourcesBuildPhase section */

/* Begin PBXVariantGroup section */
		43E5647D1EE6F5AD00D176D5 /* Main.storyboard */ = {
			isa = PBXVariantGroup;
			children = (
				43E5647E1EE6F5AD00D176D5 /* Base */,
			);
			name = Main.storyboard;
			sourceTree = "<group>";
		};
		43E564821EE6F5AD00D176D5 /* LaunchScreen.storyboard */ = {
			isa = PBXVariantGroup;
			children = (
				43E564831EE6F5AD00D176D5 /* Base */,
			);
			name = LaunchScreen.storyboard;
			sourceTree = "<group>";
		};
/* End PBXVariantGroup section */

/* Begin XCBuildConfiguration section */
		43E564861EE6F5AD00D176D5 /* Debug */ = {
			isa = XCBuildConfiguration;
			buildSettings = {
				ALWAYS_SEARCH_USER_PATHS = NO;
				CLANG_ANALYZER_NONNULL = YES;
				CLANG_ANALYZER_NUMBER_OBJECT_CONVERSION = YES_AGGRESSIVE;
				CLANG_CXX_LANGUAGE_STANDARD = "gnu++14";
				CLANG_CXX_LIBRARY = "libc++";
				CLANG_ENABLE_MODULES = YES;
				CLANG_ENABLE_OBJC_ARC = YES;
				CLANG_WARN_BLOCK_CAPTURE_AUTORELEASING = YES;
				CLANG_WARN_BOOL_CONVERSION = YES;
				CLANG_WARN_COMMA = YES;
				CLANG_WARN_CONSTANT_CONVERSION = YES;
				CLANG_WARN_DIRECT_OBJC_ISA_USAGE = YES_ERROR;
				CLANG_WARN_DOCUMENTATION_COMMENTS = YES;
				CLANG_WARN_EMPTY_BODY = YES;
				CLANG_WARN_ENUM_CONVERSION = YES;
				CLANG_WARN_INFINITE_RECURSION = YES;
				CLANG_WARN_INT_CONVERSION = YES;
				CLANG_WARN_NON_LITERAL_NULL_CONVERSION = YES;
				CLANG_WARN_OBJC_LITERAL_CONVERSION = YES;
				CLANG_WARN_OBJC_ROOT_CLASS = YES_ERROR;
				CLANG_WARN_RANGE_LOOP_ANALYSIS = YES;
				CLANG_WARN_STRICT_PROTOTYPES = YES;
				CLANG_WARN_SUSPICIOUS_MOVE = YES;
				CLANG_WARN_UNGUARDED_AVAILABILITY = YES_AGGRESSIVE;
				CLANG_WARN_UNREACHABLE_CODE = YES;
				CLANG_WARN__DUPLICATE_METHOD_MATCH = YES;
				CODE_SIGN_IDENTITY = "iPhone Developer";
				COPY_PHASE_STRIP = NO;
				DEBUG_INFORMATION_FORMAT = dwarf;
				ENABLE_STRICT_OBJC_MSGSEND = YES;
				ENABLE_TESTABILITY = YES;
				GCC_C_LANGUAGE_STANDARD = gnu11;
				GCC_DYNAMIC_NO_PIC = NO;
				GCC_NO_COMMON_BLOCKS = YES;
				GCC_OPTIMIZATION_LEVEL = 0;
				GCC_PREPROCESSOR_DEFINITIONS = (
					"DEBUG=1",
					"$(inherited)",
				);
				GCC_WARN_64_TO_32_BIT_CONVERSION = YES;
				GCC_WARN_ABOUT_RETURN_TYPE = YES_ERROR;
				GCC_WARN_UNDECLARED_SELECTOR = YES;
				GCC_WARN_UNINITIALIZED_AUTOS = YES_AGGRESSIVE;
				GCC_WARN_UNUSED_FUNCTION = YES;
				GCC_WARN_UNUSED_VARIABLE = YES;
				IPHONEOS_DEPLOYMENT_TARGET = 11.0;
				MTL_ENABLE_DEBUG_INFO = YES;
				ONLY_ACTIVE_ARCH = YES;
				SDKROOT = iphoneos;
				SWIFT_ACTIVE_COMPILATION_CONDITIONS = DEBUG;
				SWIFT_OPTIMIZATION_LEVEL = "-Onone";
			};
			name = Debug;
		};
		43E564871EE6F5AD00D176D5 /* Release */ = {
			isa = XCBuildConfiguration;
			buildSettings = {
				ALWAYS_SEARCH_USER_PATHS = NO;
				CLANG_ANALYZER_NONNULL = YES;
				CLANG_ANALYZER_NUMBER_OBJECT_CONVERSION = YES_AGGRESSIVE;
				CLANG_CXX_LANGUAGE_STANDARD = "gnu++14";
				CLANG_CXX_LIBRARY = "libc++";
				CLANG_ENABLE_MODULES = YES;
				CLANG_ENABLE_OBJC_ARC = YES;
				CLANG_WARN_BLOCK_CAPTURE_AUTORELEASING = YES;
				CLANG_WARN_BOOL_CONVERSION = YES;
				CLANG_WARN_COMMA = YES;
				CLANG_WARN_CONSTANT_CONVERSION = YES;
				CLANG_WARN_DIRECT_OBJC_ISA_USAGE = YES_ERROR;
				CLANG_WARN_DOCUMENTATION_COMMENTS = YES;
				CLANG_WARN_EMPTY_BODY = YES;
				CLANG_WARN_ENUM_CONVERSION = YES;
				CLANG_WARN_INFINITE_RECURSION = YES;
				CLANG_WARN_INT_CONVERSION = YES;
				CLANG_WARN_NON_LITERAL_NULL_CONVERSION = YES;
				CLANG_WARN_OBJC_LITERAL_CONVERSION = YES;
				CLANG_WARN_OBJC_ROOT_CLASS = YES_ERROR;
				CLANG_WARN_RANGE_LOOP_ANALYSIS = YES;
				CLANG_WARN_STRICT_PROTOTYPES = YES;
				CLANG_WARN_SUSPICIOUS_MOVE = YES;
				CLANG_WARN_UNGUARDED_AVAILABILITY = YES_AGGRESSIVE;
				CLANG_WARN_UNREACHABLE_CODE = YES;
				CLANG_WARN__DUPLICATE_METHOD_MATCH = YES;
				CODE_SIGN_IDENTITY = "iPhone Developer";
				COPY_PHASE_STRIP = NO;
				DEBUG_INFORMATION_FORMAT = "dwarf-with-dsym";
				ENABLE_NS_ASSERTIONS = NO;
				ENABLE_STRICT_OBJC_MSGSEND = YES;
				GCC_C_LANGUAGE_STANDARD = gnu11;
				GCC_NO_COMMON_BLOCKS = YES;
				GCC_WARN_64_TO_32_BIT_CONVERSION = YES;
				GCC_WARN_ABOUT_RETURN_TYPE = YES_ERROR;
				GCC_WARN_UNDECLARED_SELECTOR = YES;
				GCC_WARN_UNINITIALIZED_AUTOS = YES_AGGRESSIVE;
				GCC_WARN_UNUSED_FUNCTION = YES;
				GCC_WARN_UNUSED_VARIABLE = YES;
				IPHONEOS_DEPLOYMENT_TARGET = 11.0;
				MTL_ENABLE_DEBUG_INFO = NO;
				SDKROOT = iphoneos;
				SWIFT_OPTIMIZATION_LEVEL = "-Owholemodule";
				VALIDATE_PRODUCT = YES;
			};
			name = Release;
		};
		43E564891EE6F5AD00D176D5 /* Debug */ = {
			isa = XCBuildConfiguration;
			buildSettings = {
				ASSETCATALOG_COMPILER_APPICON_NAME = AppIcon;
				DEVELOPMENT_TEAM = DM75P97468;
				INFOPLIST_FILE = SwiftPuzzle/Info.plist;
				LD_RUNPATH_SEARCH_PATHS = "$(inherited) @executable_path/Frameworks";
				PRODUCT_BUNDLE_IDENTIFIER = Appsbyahrens.SwiftPuzzle;
				PRODUCT_NAME = "$(TARGET_NAME)";
				SWIFT_VERSION = 4.0;
				TARGETED_DEVICE_FAMILY = "1,2";
			};
			name = Debug;
		};
		43E5648A1EE6F5AD00D176D5 /* Release */ = {
			isa = XCBuildConfiguration;
			buildSettings = {
				ASSETCATALOG_COMPILER_APPICON_NAME = AppIcon;
				DEVELOPMENT_TEAM = DM75P97468;
				INFOPLIST_FILE = SwiftPuzzle/Info.plist;
				LD_RUNPATH_SEARCH_PATHS = "$(inherited) @executable_path/Frameworks";
				PRODUCT_BUNDLE_IDENTIFIER = Appsbyahrens.SwiftPuzzle;
				PRODUCT_NAME = "$(TARGET_NAME)";
				SWIFT_VERSION = 4.0;
				TARGETED_DEVICE_FAMILY = "1,2";
			};
			name = Release;
		};
/* End XCBuildConfiguration section */

/* Begin XCConfigurationList section */
		43E564711EE6F5AD00D176D5 /* Build configuration list for PBXProject "SwiftPuzzle" */ = {
			isa = XCConfigurationList;
			buildConfigurations = (
				43E564861EE6F5AD00D176D5 /* Debug */,
				43E564871EE6F5AD00D176D5 /* Release */,
			);
			defaultConfigurationIsVisible = 0;
			defaultConfigurationName = Release;
		};
		43E564881EE6F5AD00D176D5 /* Build configuration list for PBXNativeTarget "SwiftPuzzle" */ = {
			isa = XCConfigurationList;
			buildConfigurations = (
				43E564891EE6F5AD00D176D5 /* Debug */,
				43E5648A1EE6F5AD00D176D5 /* Release */,
			);
			defaultConfigurationIsVisible = 0;
			defaultConfigurationName = Release;
		};
/* End XCConfigurationList section */
	};
	rootObject = 43E5646E1EE6F5AD00D176D5 /* Project object */;
}
